# Generado por tools/sync-from-kmp.sh. No editar a mano.
#
# Cada línea es <sha256>  <ruta relativa a facecheck-android/mirror>.
# La tarea Gradle verifyMirror lo revalida en cada ./gradlew check.
upstream = facecheck-kmp
upstream_version = 0.1.0
upstream_rev = 59ea101a12c2502ffd8d4e595c0801d76b50e282
excluded = facecheck-kmp/src/commonMain/kotlin/com/borealnetwork/facecheck/camera/CameraHost.kt
excluded = facecheck-kmp/src/commonMain/kotlin/com/borealnetwork/facecheck/SubjectId.kt
excluded = facecheck-kmp/src/androidMain/kotlin/com/borealnetwork/facecheck/camera/CameraHost.android.kt
excluded = facecheck-kmp/src/androidMain/kotlin/com/borealnetwork/facecheck/SubjectId.android.kt
excluded = facecheck-kmp/src/commonTest/kotlin/com/borealnetwork/facecheck/SubjectIdTest.kt
---
417b8afc2b87ecd947b0a7037ce844c3dc06c26240cd4ed0496faa7f903873c5  consumer-rules.pro
1b147d6be00ead8e03f9fc0daa1b4e4b6ab1ca9635c451fc3ea1fa24607b15b4  main/AndroidManifest.xml
b954e4b68795632e32b519f1ef6a08d00757a6ae5d1cc566cc9e28a4153aa9ae  main/kotlin/com/borealnetwork/facecheck/FaceCheck.kt
186d514263242dd18bf84b26bac487b6f1658ab886b36c941e0a9c005fd84808  main/kotlin/com/borealnetwork/facecheck/FaceCheckConfig.kt
2a13699984c15c1af6f634f401b9d7f33fda154e4ec98a880d3e58b6d07b7f82  main/kotlin/com/borealnetwork/facecheck/FaceCheckLogger.kt
96143dda9a1849b31fe71eb58906426ec6c163d0394b07822a15f27500e14e7d  main/kotlin/com/borealnetwork/facecheck/camera/AnalysisMirroring.kt
03dc8a2488f846a21ceb2f23e265b3ac3a699b6628e7e9cfd3666901ef44104f  main/kotlin/com/borealnetwork/facecheck/camera/AndroidCameraController.kt
d175521a9e06e03d6ffe5e34b75cd1e8b0c551116ce1d33385a31bc90e74a9cc  main/kotlin/com/borealnetwork/facecheck/camera/CameraController.kt
d0c8f407ee943d868245f87c001b123ed53e5e7061ca9afa794703f089865edd  main/kotlin/com/borealnetwork/facecheck/camera/FrameGeometry.kt
0b0fdcd9b2dba1c440d4f31e3aa36455f972de3a0ccb425f5f5b8b7115a6e941  main/kotlin/com/borealnetwork/facecheck/camera/LumaMetrics.kt
4f8e6024850e7967b38242f161faa4b489087c33755bd514df78ec5efac3f9d1  main/kotlin/com/borealnetwork/facecheck/camera/LumaSampling.kt
f9c8e61a2c8e279111f4af75d22a30557c1b2fae2c000c32c4e68852001bf6b4  main/kotlin/com/borealnetwork/facecheck/camera/StillEncoder.kt
de847ba85e0c99564dcdea463d1396ac204d75af36dcde0a7cc6e3e908bdb73e  main/kotlin/com/borealnetwork/facecheck/liveness/Challenge.kt
b700a86023b0bd129a70507493fa97154aae3f5e5d6559dd397257ae96c32bff  main/kotlin/com/borealnetwork/facecheck/liveness/ChallengeMachine.kt
8378a84c0e2cab01d621534cc92a03629a2e768a48134a918f4d464a67f7a1b1  main/kotlin/com/borealnetwork/facecheck/liveness/FaceFrame.kt
edbe85692c5f14f5a8edaccfe5923c27074ae145cd4a91674c94171b2fc46bf0  main/kotlin/com/borealnetwork/facecheck/liveness/LivenessConfig.kt
9dc69b1e449168ae034f655239e7013b844aa244844e0b448a7c5d2dc12feaa6  main/kotlin/com/borealnetwork/facecheck/liveness/LivenessSession.kt
9841adee0bb7ae442f8d88f25f49a8ac2644c9768b58dbc55bc80b64454f11cb  main/kotlin/com/borealnetwork/facecheck/liveness/LivenessState.kt
039d34ff287a8a33975ec7e40f79a1ec203a7c4397da84aad6de01fb0df551f6  main/kotlin/com/borealnetwork/facecheck/model/CompareWith.kt
73bd9320c9cce180d2ae12d3a5ece8e01bea610397fadcaa07eb16df1010795e  main/kotlin/com/borealnetwork/facecheck/model/EnrollResult.kt
6a80320d306e12c4ffa34e58515f3904a21c03c55caf4a5a1988eef2c62879c2  main/kotlin/com/borealnetwork/facecheck/model/FaceCheckException.kt
34834fcde4357790286aa0057694634588b1651d5a74b8ba45ea33f6ef05f60b  main/kotlin/com/borealnetwork/facecheck/model/FaceQuality.kt
6c79f5b61181103cb34cbfc80c3b91c13fe069a8eead7e779aa15f6b7e9c6de9  main/kotlin/com/borealnetwork/facecheck/model/VerifyResult.kt
e5a68b30930eedc9bcb2d2e5b0e6c3974cdf4ec36ce3995a885a5fc6b348b565  main/kotlin/com/borealnetwork/facecheck/net/FaceCheckApi.kt
c67a79b561bc1d2e74ec75027af2e90defb541ff86666b584a628389982d4e1c  test/kotlin/com/borealnetwork/facecheck/FaceCheckConfigTest.kt
585e01563c96d8c0321dc5c05dae7df4889ded3bdf3388e8e612fd70ba5b8646  test/kotlin/com/borealnetwork/facecheck/FaceCheckLoggerTest.kt
e53e074e298d7aaebb852cf4502f45e980ff4cf2fe2c581f0d745e21add34014  test/kotlin/com/borealnetwork/facecheck/camera/LumaSamplingTest.kt
b980747e17debd3f5dedc82dc6dd1acddaaa8b22719850e3c867113fdea3daa4  test/kotlin/com/borealnetwork/facecheck/liveness/ChallengeMachineTest.kt
85580d13e6d1b4b7ff7033836744471f5f48403afa1584ec7df6b644316edced  test/kotlin/com/borealnetwork/facecheck/liveness/ChallengePlanTest.kt
ad561525951086fb6ad92a02ece3e8d6e58f4e43a4f6e4340dce50d9d731c0b4  test/kotlin/com/borealnetwork/facecheck/liveness/Frames.kt
9697016dbe28e866b582ff33c6c93fdcac9026395bea8e47d6b2440197c529f0  test/kotlin/com/borealnetwork/facecheck/liveness/LivenessSessionTest.kt
6b8ffd6908ac3452304d6b509a567be85bf6a5b3490937d270937d8258964a3a  test/kotlin/com/borealnetwork/facecheck/net/FaceCheckApiTest.kt
